github.com/GingerMoon/m1 v0.0.1/go.mod h1:RU30Nhh1cRynOjfvcIG5vQ3svGOpTc3yIq3suUCLURs=
github.com/GingerMoon/m1 v0.0.2 h1:5sFTz3VesrCGqN1sOJ6SpxDIdD+z/mVOPnDMK4jKcCg=
github.com/GingerMoon/m1 v0.0.2/go.mod h1:RU30Nhh1cRynOjfvcIG5vQ3svGOpTc3yIq3suUCLURs=
github.com/GingerMoon/m2 v0.0.2 h1:UksQOk0qay/gs0DV1EPonKuImcmfKn0Xwr0bAbF/dI8=
github.com/GingerMoon/m2 v0.0.2/go.mod h1:uDb/aVFu2XeH6nbdDJgKIyJVnZ+1zTGRhPPx0HrwmIU=
